{
    "_readme": [
        "This file locks the dependencies of your project to a known state",
        "Read more about it at https://getcomposer.org/doc/01-basic-usage.md#installing-dependencies",
        "This file is @generated automatically"
    ],
    "content-hash": "ef7d19ae5a95f032d695e45b22283d1d",
    "packages": [
        {
            "name": "chromeheadlessio/php-client",
            "version": "1.0.0",
            "source": {
                "type": "git",
                "url": "https://github.com/chromeheadlessio/php-client.git",
                "reference": "ceda0d8967525c29988e2270c1150bbcb042c73c"
            },
            "dist": {
                "type": "zip",
                "url": "https://api.github.com/repos/chromeheadlessio/php-client/zipball/ceda0d8967525c29988e2270c1150bbcb042c73c",
                "reference": "ceda0d8967525c29988e2270c1150bbcb042c73c",
                "shasum": ""
            },
            "require": {
                "php": ">=5.4"
            },
            "type": "library",
            "autoload": {
                "psr-4": {
                    "chromeheadlessio\\": "src"
                }
            },
            "notification-url": "https://packagist.org/downloads/",
            "license": [
                "MIT"
            ],
            "authors": [
                {
                    "name": "chromeheadlessio",
                    "homepage": "https://chromeheadless.io"
                }
            ],
            "description": "An Open Source PHP client to use cloud export service chromeheadless.io",
            "homepage": "https://chromeheadless.io",
            "keywords": [
                "pdf export service",
                "php client"
            ],
            "support": {
                "issues": "https://github.com/chromeheadlessio/php-client/issues",
                "source": "https://github.com/chromeheadlessio/php-client/tree/v1.0.0"
            },
            "time": "2020-11-10T08:49:01+00:00"
        }
    ],
    "packages-dev": [],
    "aliases": [],
    "minimum-stability": "stable",
    "stability-flags": [],
    "prefer-stable": false,
    "prefer-lowest": false,
    "platform": [],
    "platform-dev": [],
    "plugin-api-version": "2.0.0"
}
