{
    "_readme": [
        "This file locks the dependencies of your project to a known state",
        "Read more about it at https://getcomposer.org/doc/01-basic-usage.md#composer-lock-the-lock-file",
        "This file is @generated automatically"
    ],
    "content-hash": "86e9b8ace69091bc1b0ed1316b831686",
    "packages": [
        {
            "name": "chromeheadlessio/php-client",
            "version": "0.7.0",
            "source": {
                "type": "git",
                "url": "https://github.com/chromeheadlessio/php-client.git",
                "reference": "1c74e2c446a261a9803ada60f9784c333469137b"
            },
            "dist": {
                "type": "zip",
                "url": "https://api.github.com/repos/chromeheadlessio/php-client/zipball/1c74e2c446a261a9803ada60f9784c333469137b",
                "reference": "1c74e2c446a261a9803ada60f9784c333469137b",
                "shasum": ""
            },
            "require": {
                "php": ">=5.4"
            },
            "type": "library",
            "autoload": {
                "psr-4": {
                    "chromeheadlessio\\": "src"
                }
            },
            "notification-url": "https://packagist.org/downloads/",
            "license": [
                "MIT"
            ],
            "authors": [
                {
                    "name": "chromeheadlessio",
                    "homepage": "https://chromeheadless.io"
                }
            ],
            "description": "An Open Source PHP client to use cloud export service chromeheadless.io",
            "homepage": "https://chromeheadless.io",
            "keywords": [
                "pdf export service",
                "php client"
            ],
            "time": "2020-06-22T04:49:24+00:00"
        }
    ],
    "packages-dev": [],
    "aliases": [],
    "minimum-stability": "stable",
    "stability-flags": [],
    "prefer-stable": false,
    "prefer-lowest": false,
    "platform": [],
    "platform-dev": []
}
